
Microsoft Visual Studio Solution File, Format Version 12.00
# Visual Studio 15
VisualStudioVersion = 15.0.28307.168
MinimumVisualStudioVersion = 10.0.40219.1
Project("{FAE04EC0-301F-11D3-BF4B-00C04F79EFBC}") = "MyIOC", "MyIOC\MyIOC.csproj", "{36D276EB-D965-4D81-BBB3-234963463105}"
EndProject
Project("{FAE04EC0-301F-11D3-BF4B-00C04F79EFBC}") = "Interface", "Interface\Interface.csproj", "{BD8EB421-2E74-4E56-AD27-BF1C4AD4304B}"
EndProject
Project("{FAE04EC0-301F-11D3-BF4B-00C04F79EFBC}") = "Services", "Services\Services.csproj", "{534BC46E-32CC-4A30-AE50-31654E6CA83F}"
EndProject
Project("{FAE04EC0-301F-11D3-BF4B-00C04F79EFBC}") = "ConsoleIOCUnityDemo", "ConsoleIOCUnityDemo\ConsoleIOCUnityDemo.csproj", "{1BF023C5-D123-4D6F-B21C-57CF96F430F0}"
EndProject
Project("{FAE04EC0-301F-11D3-BF4B-00C04F79EFBC}") = "AOP", "AOP\AOP.csproj", "{CA5E2C67-B9D9-4D95-8B5F-CA317DB6C402}"
EndProject
Global
	GlobalSection(SolutionConfigurationPlatforms) = preSolution
		Debug|Any CPU = Debug|Any CPU
		Release|Any CPU = Release|Any CPU
	EndGlobalSection
	GlobalSection(ProjectConfigurationPlatforms) = postSolution
		{36D276EB-D965-4D81-BBB3-234963463105}.Debug|Any CPU.ActiveCfg = Debug|Any CPU
		{36D276EB-D965-4D81-BBB3-234963463105}.Debug|Any CPU.Build.0 = Debug|Any CPU
		{36D276EB-D965-4D81-BBB3-234963463105}.Release|Any CPU.ActiveCfg = Release|Any CPU
		{36D276EB-D965-4D81-BBB3-234963463105}.Release|Any CPU.Build.0 = Release|Any CPU
		{BD8EB421-2E74-4E56-AD27-BF1C4AD4304B}.Debug|Any CPU.ActiveCfg = Debug|Any CPU
		{BD8EB421-2E74-4E56-AD27-BF1C4AD4304B}.Debug|Any CPU.Build.0 = Debug|Any CPU
		{BD8EB421-2E74-4E56-AD27-BF1C4AD4304B}.Release|Any CPU.ActiveCfg = Release|Any CPU
		{BD8EB421-2E74-4E56-AD27-BF1C4AD4304B}.Release|Any CPU.Build.0 = Release|Any CPU
		{534BC46E-32CC-4A30-AE50-31654E6CA83F}.Debug|Any CPU.ActiveCfg = Debug|Any CPU
		{534BC46E-32CC-4A30-AE50-31654E6CA83F}.Debug|Any CPU.Build.0 = Debug|Any CPU
		{534BC46E-32CC-4A30-AE50-31654E6CA83F}.Release|Any CPU.ActiveCfg = Release|Any CPU
		{534BC46E-32CC-4A30-AE50-31654E6CA83F}.Release|Any CPU.Build.0 = Release|Any CPU
		{1BF023C5-D123-4D6F-B21C-57CF96F430F0}.Debug|Any CPU.ActiveCfg = Debug|Any CPU
		{1BF023C5-D123-4D6F-B21C-57CF96F430F0}.Debug|Any CPU.Build.0 = Debug|Any CPU
		{1BF023C5-D123-4D6F-B21C-57CF96F430F0}.Release|Any CPU.ActiveCfg = Release|Any CPU
		{1BF023C5-D123-4D6F-B21C-57CF96F430F0}.Release|Any CPU.Build.0 = Release|Any CPU
		{CA5E2C67-B9D9-4D95-8B5F-CA317DB6C402}.Debug|Any CPU.ActiveCfg = Debug|Any CPU
		{CA5E2C67-B9D9-4D95-8B5F-CA317DB6C402}.Debug|Any CPU.Build.0 = Debug|Any CPU
		{CA5E2C67-B9D9-4D95-8B5F-CA317DB6C402}.Release|Any CPU.ActiveCfg = Release|Any CPU
		{CA5E2C67-B9D9-4D95-8B5F-CA317DB6C402}.Release|Any CPU.Build.0 = Release|Any CPU
	EndGlobalSection
	GlobalSection(SolutionProperties) = preSolution
		HideSolutionNode = FALSE
	EndGlobalSection
	GlobalSection(ExtensibilityGlobals) = postSolution
		SolutionGuid = {3F0E50BF-BA65-457E-B74F-4DDFB9C4F7CF}
	EndGlobalSection
EndGlobal
